# THIS IS AN AUTOGENERATED FILE. DO NOT EDIT THIS FILE DIRECTLY.
# yarn lockfile v1


"@angular/cdk@^5.2.0":
  version "5.2.0"
  resolved "https://registry.yarnpkg.com/@angular/cdk/-/cdk-5.2.0.tgz#4368f6749e915cdcc75d325ae33fdb3f85a88108"
  dependencies:
    tslib "^1.7.1"

"@angular/material@^5.2.0":
  version "5.2.0"
  resolved "https://registry.yarnpkg.com/@angular/material/-/material-5.2.0.tgz#8599e3149d48487e3e92e941fa9dc55176e3a0cf"
  dependencies:
    tslib "^1.7.1"

tslib@^1.7.1:
  version "1.9.0"
  resolved "https://registry.yarnpkg.com/tslib/-/tslib-1.9.0.tgz#e37a86fda8cbbaf23a057f473c9f4dc64e5fc2e8"
